
Microsoft Visual Studio Solution File, Format Version 12.00
# Visual Studio Version 17
VisualStudioVersion = 17.7.34003.232
MinimumVisualStudioVersion = 10.0.40219.1
Project("{9A19103F-16F7-4668-BE54-9A1E7A4F7556}") = "UNC_SelfService_DataAccessAPI_Endpoint", "UNC_SelfService_DataAccessAPI_Endpoint\UNC_SelfService_DataAccessAPI_Endpoint.csproj", "{41F934B2-FE2E-431D-B194-490155B5458C}"
EndProject
Project("{9A19103F-16F7-4668-BE54-9A1E7A4F7556}") = "UNC_SelfService_DataAccessAPI_BusinessLogic", "UNC_SelfService_DataAccessAPI_BusinessLogic\UNC_SelfService_DataAccessAPI_BusinessLogic.csproj", "{97F643ED-62E9-44BE-A5BA-C95E0B419B4E}"
EndProject
Project("{9A19103F-16F7-4668-BE54-9A1E7A4F7556}") = "UNC_SelfService_DataAccessAPI_Repository", "UNC_SelfService_DataAccessAPI_Repository\UNC_SelfService_DataAccessAPI_Repository.csproj", "{1B1A8CDB-91B5-42C1-ABE3-46AFD53A6BF1}"
EndProject
Project("{9A19103F-16F7-4668-BE54-9A1E7A4F7556}") = "UNC_SelfService_DataAccessAPI_Services", "UNC_SelfService_DataAccessAPI_Services\UNC_SelfService_DataAccessAPI_Services.csproj", "{B9A7D022-7950-4C68-9C52-E4AC5B201C18}"
EndProject
Project("{9A19103F-16F7-4668-BE54-9A1E7A4F7556}") = "UNC_SelfService_DataAccessAPI_Common", "UNC_SelfService_DataAccessAPI_Common\UNC_SelfService_DataAccessAPI_Common.csproj", "{3E1585CD-102F-4296-A281-F469501F9604}"
EndProject
Project("{FAE04EC0-301F-11D3-BF4B-00C04F79EFBC}") = "XUnitTest_Common", "XUnitTest_Common\XUnitTest_Common.csproj", "{E89728FD-0E18-406A-8492-B664799E364F}"
EndProject
Project("{FAE04EC0-301F-11D3-BF4B-00C04F79EFBC}") = "XUnitTest_Repository", "XUnitTest_Repository\XUnitTest_Repository.csproj", "{4BEBE247-4D0B-46CC-B7ED-CE77251C6296}"
EndProject
Project("{FAE04EC0-301F-11D3-BF4B-00C04F79EFBC}") = "XUnitTest_Services", "XUnitTest_Services\XUnitTest_Services.csproj", "{76109961-4B6D-4E8D-A6F4-135501701019}"
EndProject
Project("{FAE04EC0-301F-11D3-BF4B-00C04F79EFBC}") = "XUnitTest_BusinessLogic", "XUnitTest_BusinessLogic\XUnitTest_BusinessLogic.csproj", "{C3CC1A2A-4686-4481-A007-E6FC88F55CA5}"
EndProject
Project("{FAE04EC0-301F-11D3-BF4B-00C04F79EFBC}") = "XUnitTest_Endpoint", "XUnitTest_Endpoint\XUnitTest_Endpoint.csproj", "{38C49E42-30BC-4E7D-94A8-FD3EED795C9E}"
EndProject
Global
	GlobalSection(SolutionConfigurationPlatforms) = preSolution
		Debug|Any CPU = Debug|Any CPU
		Release|Any CPU = Release|Any CPU
	EndGlobalSection
	GlobalSection(ProjectConfigurationPlatforms) = postSolution
		{41F934B2-FE2E-431D-B194-490155B5458C}.Debug|Any CPU.ActiveCfg = Debug|Any CPU
		{41F934B2-FE2E-431D-B194-490155B5458C}.Debug|Any CPU.Build.0 = Debug|Any CPU
		{41F934B2-FE2E-431D-B194-490155B5458C}.Release|Any CPU.ActiveCfg = Release|Any CPU
		{41F934B2-FE2E-431D-B194-490155B5458C}.Release|Any CPU.Build.0 = Release|Any CPU
		{97F643ED-62E9-44BE-A5BA-C95E0B419B4E}.Debug|Any CPU.ActiveCfg = Debug|Any CPU
		{97F643ED-62E9-44BE-A5BA-C95E0B419B4E}.Debug|Any CPU.Build.0 = Debug|Any CPU
		{97F643ED-62E9-44BE-A5BA-C95E0B419B4E}.Release|Any CPU.ActiveCfg = Release|Any CPU
		{97F643ED-62E9-44BE-A5BA-C95E0B419B4E}.Release|Any CPU.Build.0 = Release|Any CPU
		{1B1A8CDB-91B5-42C1-ABE3-46AFD53A6BF1}.Debug|Any CPU.ActiveCfg = Debug|Any CPU
		{1B1A8CDB-91B5-42C1-ABE3-46AFD53A6BF1}.Debug|Any CPU.Build.0 = Debug|Any CPU
		{1B1A8CDB-91B5-42C1-ABE3-46AFD53A6BF1}.Release|Any CPU.ActiveCfg = Release|Any CPU
		{1B1A8CDB-91B5-42C1-ABE3-46AFD53A6BF1}.Release|Any CPU.Build.0 = Release|Any CPU
		{B9A7D022-7950-4C68-9C52-E4AC5B201C18}.Debug|Any CPU.ActiveCfg = Debug|Any CPU
		{B9A7D022-7950-4C68-9C52-E4AC5B201C18}.Debug|Any CPU.Build.0 = Debug|Any CPU
		{B9A7D022-7950-4C68-9C52-E4AC5B201C18}.Release|Any CPU.ActiveCfg = Release|Any CPU
		{B9A7D022-7950-4C68-9C52-E4AC5B201C18}.Release|Any CPU.Build.0 = Release|Any CPU
		{3E1585CD-102F-4296-A281-F469501F9604}.Debug|Any CPU.ActiveCfg = Debug|Any CPU
		{3E1585CD-102F-4296-A281-F469501F9604}.Debug|Any CPU.Build.0 = Debug|Any CPU
		{3E1585CD-102F-4296-A281-F469501F9604}.Release|Any CPU.ActiveCfg = Release|Any CPU
		{3E1585CD-102F-4296-A281-F469501F9604}.Release|Any CPU.Build.0 = Release|Any CPU
		{E89728FD-0E18-406A-8492-B664799E364F}.Debug|Any CPU.ActiveCfg = Debug|Any CPU
		{E89728FD-0E18-406A-8492-B664799E364F}.Debug|Any CPU.Build.0 = Debug|Any CPU
		{E89728FD-0E18-406A-8492-B664799E364F}.Release|Any CPU.ActiveCfg = Release|Any CPU
		{E89728FD-0E18-406A-8492-B664799E364F}.Release|Any CPU.Build.0 = Release|Any CPU
		{4BEBE247-4D0B-46CC-B7ED-CE77251C6296}.Debug|Any CPU.ActiveCfg = Debug|Any CPU
		{4BEBE247-4D0B-46CC-B7ED-CE77251C6296}.Debug|Any CPU.Build.0 = Debug|Any CPU
		{4BEBE247-4D0B-46CC-B7ED-CE77251C6296}.Release|Any CPU.ActiveCfg = Release|Any CPU
		{4BEBE247-4D0B-46CC-B7ED-CE77251C6296}.Release|Any CPU.Build.0 = Release|Any CPU
		{76109961-4B6D-4E8D-A6F4-135501701019}.Debug|Any CPU.ActiveCfg = Debug|Any CPU
		{76109961-4B6D-4E8D-A6F4-135501701019}.Debug|Any CPU.Build.0 = Debug|Any CPU
		{76109961-4B6D-4E8D-A6F4-135501701019}.Release|Any CPU.ActiveCfg = Release|Any CPU
		{76109961-4B6D-4E8D-A6F4-135501701019}.Release|Any CPU.Build.0 = Release|Any CPU
		{C3CC1A2A-4686-4481-A007-E6FC88F55CA5}.Debug|Any CPU.ActiveCfg = Debug|Any CPU
		{C3CC1A2A-4686-4481-A007-E6FC88F55CA5}.Debug|Any CPU.Build.0 = Debug|Any CPU
		{C3CC1A2A-4686-4481-A007-E6FC88F55CA5}.Release|Any CPU.ActiveCfg = Release|Any CPU
		{C3CC1A2A-4686-4481-A007-E6FC88F55CA5}.Release|Any CPU.Build.0 = Release|Any CPU
		{38C49E42-30BC-4E7D-94A8-FD3EED795C9E}.Debug|Any CPU.ActiveCfg = Debug|Any CPU
		{38C49E42-30BC-4E7D-94A8-FD3EED795C9E}.Debug|Any CPU.Build.0 = Debug|Any CPU
		{38C49E42-30BC-4E7D-94A8-FD3EED795C9E}.Release|Any CPU.ActiveCfg = Release|Any CPU
		{38C49E42-30BC-4E7D-94A8-FD3EED795C9E}.Release|Any CPU.Build.0 = Release|Any CPU
	EndGlobalSection
	GlobalSection(SolutionProperties) = preSolution
		HideSolutionNode = FALSE
	EndGlobalSection
	GlobalSection(ExtensibilityGlobals) = postSolution
		SolutionGuid = {017E0731-E38B-48E1-B3A3-5D18D6A3DFA0}
	EndGlobalSection
EndGlobal
